
Microsoft Visual Studio Solution File, Format Version 12.00
# Visual Studio Version 17
VisualStudioVersion = 17.13.35828.75 d17.13
MinimumVisualStudioVersion = 10.0.40219.1
Project("{FAE04EC0-301F-11D3-BF4B-00C04F79EFBC}") = "DemoRazorPages", "DemoRazorPages\DemoRazorPages.csproj", "{A6C0D49C-BAE1-4D00-9723-98AB4645812D}"
EndProject
Global
	GlobalSection(SolutionConfigurationPlatforms) = preSolution
		Debug|Any CPU = Debug|Any CPU
		Release|Any CPU = Release|Any CPU
	EndGlobalSection
	GlobalSection(ProjectConfigurationPlatforms) = postSolution
		{A6C0D49C-BAE1-4D00-9723-98AB4645812D}.Debug|Any CPU.ActiveCfg = Debug|Any CPU
		{A6C0D49C-BAE1-4D00-9723-98AB4645812D}.Debug|Any CPU.Build.0 = Debug|Any CPU
		{A6C0D49C-BAE1-4D00-9723-98AB4645812D}.Release|Any CPU.ActiveCfg = Release|Any CPU
		{A6C0D49C-BAE1-4D00-9723-98AB4645812D}.Release|Any CPU.Build.0 = Release|Any CPU
	EndGlobalSection
	GlobalSection(SolutionProperties) = preSolution
		HideSolutionNode = FALSE
	EndGlobalSection
	GlobalSection(ExtensibilityGlobals) = postSolution
		SolutionGuid = {304FEAB3-874E-4BE9-9413-9F060C5DFBDD}
	EndGlobalSection
EndGlobal
