
Microsoft Visual Studio Solution File, Format Version 12.00
# Visual Studio Version 17
VisualStudioVersion = 17.13.35828.75 d17.13
MinimumVisualStudioVersion = 10.0.40219.1
Project("{FAE04EC0-301F-11D3-BF4B-00C04F79EFBC}") = "Ex1", "Ex1\Ex1.csproj", "{EBE036E5-CD90-4302-8963-A58E30D979EA}"
EndProject
Global
	GlobalSection(SolutionConfigurationPlatforms) = preSolution
		Debug|Any CPU = Debug|Any CPU
		Release|Any CPU = Release|Any CPU
	EndGlobalSection
	GlobalSection(ProjectConfigurationPlatforms) = postSolution
		{EBE036E5-CD90-4302-8963-A58E30D979EA}.Debug|Any CPU.ActiveCfg = Debug|Any CPU
		{EBE036E5-CD90-4302-8963-A58E30D979EA}.Debug|Any CPU.Build.0 = Debug|Any CPU
		{EBE036E5-CD90-4302-8963-A58E30D979EA}.Release|Any CPU.ActiveCfg = Release|Any CPU
		{EBE036E5-CD90-4302-8963-A58E30D979EA}.Release|Any CPU.Build.0 = Release|Any CPU
	EndGlobalSection
	GlobalSection(SolutionProperties) = preSolution
		HideSolutionNode = FALSE
	EndGlobalSection
	GlobalSection(ExtensibilityGlobals) = postSolution
		SolutionGuid = {91F2F171-D67B-4F18-BA7D-C74B8DEDBB59}
	EndGlobalSection
EndGlobal
