
Microsoft Visual Studio Solution File, Format Version 12.00
# Visual Studio Version 17
VisualStudioVersion = 17.13.35828.75 d17.13
MinimumVisualStudioVersion = 10.0.40219.1
Project("{FAE04EC0-301F-11D3-BF4B-00C04F79EFBC}") = "Ex3_1", "Exercicios3\Ex3_1.csproj", "{49F04354-FE29-4BF6-AE68-EB3E9C0C5FF1}"
EndProject
Project("{FAE04EC0-301F-11D3-BF4B-00C04F79EFBC}") = "Ex3_2", "Ex3_2\Ex3_2.csproj", "{799143A2-06C2-45E3-97CD-1D18C5B41E65}"
EndProject
Project("{FAE04EC0-301F-11D3-BF4B-00C04F79EFBC}") = "Ex3_3", "Ex3_3\Ex3_3.csproj", "{EA6A1291-158C-49A5-B0E7-515CBC18771D}"
EndProject
Global
	GlobalSection(SolutionConfigurationPlatforms) = preSolution
		Debug|Any CPU = Debug|Any CPU
		Release|Any CPU = Release|Any CPU
	EndGlobalSection
	GlobalSection(ProjectConfigurationPlatforms) = postSolution
		{49F04354-FE29-4BF6-AE68-EB3E9C0C5FF1}.Debug|Any CPU.ActiveCfg = Debug|Any CPU
		{49F04354-FE29-4BF6-AE68-EB3E9C0C5FF1}.Debug|Any CPU.Build.0 = Debug|Any CPU
		{49F04354-FE29-4BF6-AE68-EB3E9C0C5FF1}.Release|Any CPU.ActiveCfg = Release|Any CPU
		{49F04354-FE29-4BF6-AE68-EB3E9C0C5FF1}.Release|Any CPU.Build.0 = Release|Any CPU
		{799143A2-06C2-45E3-97CD-1D18C5B41E65}.Debug|Any CPU.ActiveCfg = Debug|Any CPU
		{799143A2-06C2-45E3-97CD-1D18C5B41E65}.Debug|Any CPU.Build.0 = Debug|Any CPU
		{799143A2-06C2-45E3-97CD-1D18C5B41E65}.Release|Any CPU.ActiveCfg = Release|Any CPU
		{799143A2-06C2-45E3-97CD-1D18C5B41E65}.Release|Any CPU.Build.0 = Release|Any CPU
		{EA6A1291-158C-49A5-B0E7-515CBC18771D}.Debug|Any CPU.ActiveCfg = Debug|Any CPU
		{EA6A1291-158C-49A5-B0E7-515CBC18771D}.Debug|Any CPU.Build.0 = Debug|Any CPU
		{EA6A1291-158C-49A5-B0E7-515CBC18771D}.Release|Any CPU.ActiveCfg = Release|Any CPU
		{EA6A1291-158C-49A5-B0E7-515CBC18771D}.Release|Any CPU.Build.0 = Release|Any CPU
	EndGlobalSection
	GlobalSection(SolutionProperties) = preSolution
		HideSolutionNode = FALSE
	EndGlobalSection
	GlobalSection(ExtensibilityGlobals) = postSolution
		SolutionGuid = {625E6A9C-46BB-4E33-B50F-5D5CD1EB55F8}
	EndGlobalSection
EndGlobal
