
Microsoft Visual Studio Solution File, Format Version 12.00
# Visual Studio Version 17
VisualStudioVersion = 17.13.35828.75 d17.13
MinimumVisualStudioVersion = 10.0.40219.1
Project("{FAE04EC0-301F-11D3-BF4B-00C04F79EFBC}") = "Exercicios6", "Exercicios6\Exercicios6.csproj", "{D9F1F0EE-C119-4730-8E50-508264230D91}"
EndProject
Global
	GlobalSection(SolutionConfigurationPlatforms) = preSolution
		Debug|Any CPU = Debug|Any CPU
		Release|Any CPU = Release|Any CPU
	EndGlobalSection
	GlobalSection(ProjectConfigurationPlatforms) = postSolution
		{D9F1F0EE-C119-4730-8E50-508264230D91}.Debug|Any CPU.ActiveCfg = Debug|Any CPU
		{D9F1F0EE-C119-4730-8E50-508264230D91}.Debug|Any CPU.Build.0 = Debug|Any CPU
		{D9F1F0EE-C119-4730-8E50-508264230D91}.Release|Any CPU.ActiveCfg = Release|Any CPU
		{D9F1F0EE-C119-4730-8E50-508264230D91}.Release|Any CPU.Build.0 = Release|Any CPU
	EndGlobalSection
	GlobalSection(SolutionProperties) = preSolution
		HideSolutionNode = FALSE
	EndGlobalSection
	GlobalSection(ExtensibilityGlobals) = postSolution
		SolutionGuid = {E6732841-15B3-4493-8692-19F705C257B1}
	EndGlobalSection
EndGlobal
